// !$*UTF8*$!
{
	archiveVersion = 1;
	classes = {
	};
	objectVersion = 56;
	objects = {

/* Begin PBXBuildFile section */
		AD3F31EB2D6EAEA400E2B4B0 /* LSBaseModel.swift in Sources */ = {isa = PBXBuildFile; fileRef = AD3F31EA2D6EAEA400E2B4B0 /* LSBaseModel.swift */; };
		AD3F31EF2D6EAEE100E2B4B0 /* ThreeModel.swift in Sources */ = {isa = PBXBuildFile; fileRef = AD3F31EE2D6EAEE100E2B4B0 /* ThreeModel.swift */; };
		AD3F31F32D6EDF7500E2B4B0 /* OneModel.swift in Sources */ = {isa = PBXBuildFile; fileRef = AD3F31F22D6EDF7500E2B4B0 /* OneModel.swift */; };
		AD8F82AA2D3FD46500AD6171 /* AppIpConfig.swift in Sources */ = {isa = PBXBuildFile; fileRef = AD8F82A92D3FD46500AD6171 /* AppIpConfig.swift */; };
		AD8F82AC2D3FD54400AD6171 /* LSDeviceExtension.swift in Sources */ = {isa = PBXBuildFile; fileRef = AD8F82AB2D3FD54400AD6171 /* LSDeviceExtension.swift */; };
		AD8F82B02D3FD63000AD6171 /* LSBaseLabel.swift in Sources */ = {isa = PBXBuildFile; fileRef = AD8F82AD2D3FD63000AD6171 /* LSBaseLabel.swift */; };
		AD8F82B12D3FD63000AD6171 /* LSBaseTextField.swift in Sources */ = {isa = PBXBuildFile; fileRef = AD8F82AE2D3FD63000AD6171 /* LSBaseTextField.swift */; };
		AD8F82B52D3FD7A900AD6171 /* LSBaseCollectionViewController.swift in Sources */ = {isa = PBXBuildFile; fileRef = AD8F82B42D3FD7A900AD6171 /* LSBaseCollectionViewController.swift */; };
		AD8F82B72D3FD7B600AD6171 /* LSBaseTableViewController.swift in Sources */ = {isa = PBXBuildFile; fileRef = AD8F82B62D3FD7B600AD6171 /* LSBaseTableViewController.swift */; };
		ADBC40482C058A1E00FBEDA6 /* AppDelegate.swift in Sources */ = {isa = PBXBuildFile; fileRef = ADBC40472C058A1E00FBEDA6 /* AppDelegate.swift */; };
		ADBC40512C058A2000FBEDA6 /* Assets.xcassets in Resources */ = {isa = PBXBuildFile; fileRef = ADBC40502C058A2000FBEDA6 /* Assets.xcassets */; };
		ADBC40542C058A2000FBEDA6 /* LaunchScreen.storyboard in Resources */ = {isa = PBXBuildFile; fileRef = ADBC40522C058A2000FBEDA6 /* LaunchScreen.storyboard */; };
		ADBC40652C05A7A000FBEDA6 /* AppConfig.swift in Sources */ = {isa = PBXBuildFile; fileRef = ADBC40642C05A7A000FBEDA6 /* AppConfig.swift */; };
		ADBC40682C05A81E00FBEDA6 /* LinkView.m in Sources */ = {isa = PBXBuildFile; fileRef = ADBC40672C05A81E00FBEDA6 /* LinkView.m */; };
		ADBC406A2C05A82800FBEDA6 /* ChildView.swift in Sources */ = {isa = PBXBuildFile; fileRef = ADBC40692C05A82800FBEDA6 /* ChildView.swift */; };
		ADBC40B82C05AEE000FBEDA6 /* PushViewController.swift in Sources */ = {isa = PBXBuildFile; fileRef = ADBC406E2C05AEDE00FBEDA6 /* PushViewController.swift */; };
		ADBC40B92C05AEE000FBEDA6 /* OneViewController.swift in Sources */ = {isa = PBXBuildFile; fileRef = ADBC406F2C05AEDE00FBEDA6 /* OneViewController.swift */; };
		ADBC40BA2C05AEE000FBEDA6 /* LookPictureViewController.swift in Sources */ = {isa = PBXBuildFile; fileRef = ADBC40702C05AEDE00FBEDA6 /* LookPictureViewController.swift */; };
		ADBC40BB2C05AEE000FBEDA6 /* LookPictureCollectionViewCell.swift in Sources */ = {isa = PBXBuildFile; fileRef = ADBC40722C05AEDE00FBEDA6 /* LookPictureCollectionViewCell.swift */; };
		ADBC40BC2C05AEE000FBEDA6 /* ThreeViewController.swift in Sources */ = {isa = PBXBuildFile; fileRef = ADBC40752C05AEDE00FBEDA6 /* ThreeViewController.swift */; };
		ADBC40BD2C05AEE000FBEDA6 /* FourViewController.swift in Sources */ = {isa = PBXBuildFile; fileRef = ADBC40782C05AEDE00FBEDA6 /* FourViewController.swift */; };
		ADBC40BE2C05AEE000FBEDA6 /* TwoViewController.swift in Sources */ = {isa = PBXBuildFile; fileRef = ADBC407B2C05AEDE00FBEDA6 /* TwoViewController.swift */; };
		ADBC40BF2C05AEE000FBEDA6 /* province_data.xml in Resources */ = {isa = PBXBuildFile; fileRef = ADBC407E2C05AEDF00FBEDA6 /* province_data.xml */; };
		ADBC40C02C05AEE000FBEDA6 /* TabBarConfigure.plist in Resources */ = {isa = PBXBuildFile; fileRef = ADBC407F2C05AEDF00FBEDA6 /* TabBarConfigure.plist */; };
		ADBC40C12C05AEE000FBEDA6 /* 城市数据.txt in Resources */ = {isa = PBXBuildFile; fileRef = ADBC40802C05AEDF00FBEDA6 /* 城市数据.txt */; };
		ADBC40C22C05AEE000FBEDA6 /* error.wav in Resources */ = {isa = PBXBuildFile; fileRef = ADBC40812C05AEDF00FBEDA6 /* error.wav */; };
		ADBC40C32C05AEE000FBEDA6 /* NSString+RegularExpression.swift in Sources */ = {isa = PBXBuildFile; fileRef = ADBC40832C05AEDF00FBEDA6 /* NSString+RegularExpression.swift */; };
		ADBC40C42C05AEE000FBEDA6 /* UIView+LSExtension.swift in Sources */ = {isa = PBXBuildFile; fileRef = ADBC40842C05AEDF00FBEDA6 /* UIView+LSExtension.swift */; };
		ADBC40C52C05AEE000FBEDA6 /* String+StringSubstring.swift in Sources */ = {isa = PBXBuildFile; fileRef = ADBC40852C05AEDF00FBEDA6 /* String+StringSubstring.swift */; };
		ADBC40C62C05AEE000FBEDA6 /* LSCornerRadiusHelper.swift in Sources */ = {isa = PBXBuildFile; fileRef = ADBC40872C05AEDF00FBEDA6 /* LSCornerRadiusHelper.swift */; };
		ADBC40C72C05AEE000FBEDA6 /* LSPhotoSelect.swift in Sources */ = {isa = PBXBuildFile; fileRef = ADBC40892C05AEDF00FBEDA6 /* LSPhotoSelect.swift */; };
		ADBC40C82C05AEE000FBEDA6 /* PhotoCropEditorBorder@2x.png in Resources */ = {isa = PBXBuildFile; fileRef = ADBC408A2C05AEDF00FBEDA6 /* PhotoCropEditorBorder@2x.png */; };
		ADBC40C92C05AEE000FBEDA6 /* LSCropRectView.swift in Sources */ = {isa = PBXBuildFile; fileRef = ADBC408B2C05AEDF00FBEDA6 /* LSCropRectView.swift */; };
		ADBC40CA2C05AEE000FBEDA6 /* PhotoCropEditorBorder.png in Resources */ = {isa = PBXBuildFile; fileRef = ADBC408C2C05AEDF00FBEDA6 /* PhotoCropEditorBorder.png */; };
		ADBC40CB2C05AEE000FBEDA6 /* LSResizeView.swift in Sources */ = {isa = PBXBuildFile; fileRef = ADBC408D2C05AEDF00FBEDA6 /* LSResizeView.swift */; };
		ADBC40CC2C05AEE000FBEDA6 /* LSImageEditViewController.swift in Sources */ = {isa = PBXBuildFile; fileRef = ADBC408E2C05AEDF00FBEDA6 /* LSImageEditViewController.swift */; };
		ADBC40CD2C05AEE000FBEDA6 /* LSCropView.swift in Sources */ = {isa = PBXBuildFile; fileRef = ADBC408F2C05AEDF00FBEDA6 /* LSCropView.swift */; };
		ADBC40CE2C05AEE000FBEDA6 /* LSImageUtil.swift in Sources */ = {isa = PBXBuildFile; fileRef = ADBC40902C05AEDF00FBEDA6 /* LSImageUtil.swift */; };
		ADBC40CF2C05AEE000FBEDA6 /* LSDatePickerUtils.swift in Sources */ = {isa = PBXBuildFile; fileRef = ADBC40912C05AEDF00FBEDA6 /* LSDatePickerUtils.swift */; };
		ADBC40D02C05AEE000FBEDA6 /* LSAndroidForActionSheet.swift in Sources */ = {isa = PBXBuildFile; fileRef = ADBC40922C05AEDF00FBEDA6 /* LSAndroidForActionSheet.swift */; };
		ADBC40D12C05AEE000FBEDA6 /* LSImagePickerManage.swift in Sources */ = {isa = PBXBuildFile; fileRef = ADBC40942C05AEDF00FBEDA6 /* LSImagePickerManage.swift */; };
		ADBC40D22C05AEE000FBEDA6 /* LSAlertControllerUtil.swift in Sources */ = {isa = PBXBuildFile; fileRef = ADBC40952C05AEDF00FBEDA6 /* LSAlertControllerUtil.swift */; };
		ADBC40D32C05AEE000FBEDA6 /* AppDelegateUMengShareTool.swift in Sources */ = {isa = PBXBuildFile; fileRef = ADBC40972C05AEDF00FBEDA6 /* AppDelegateUMengShareTool.swift */; };
		ADBC40D42C05AEE000FBEDA6 /* LSShareView.swift in Sources */ = {isa = PBXBuildFile; fileRef = ADBC40982C05AEDF00FBEDA6 /* LSShareView.swift */; };
		ADBC40D52C05AEE000FBEDA6 /* LSShareTool.swift in Sources */ = {isa = PBXBuildFile; fileRef = ADBC40992C05AEDF00FBEDA6 /* LSShareTool.swift */; };
		ADBC40D62C05AEE000FBEDA6 /* LSShareViewCollectionViewCell.swift in Sources */ = {isa = PBXBuildFile; fileRef = ADBC409A2C05AEDF00FBEDA6 /* LSShareViewCollectionViewCell.swift */; };
		ADBC40D72C05AEE000FBEDA6 /* LSNetworkRequest.swift in Sources */ = {isa = PBXBuildFile; fileRef = ADBC409B2C05AEDF00FBEDA6 /* LSNetworkRequest.swift */; };
		ADBC40D82C05AEE000FBEDA6 /* LSUploadOrDownload.swift in Sources */ = {isa = PBXBuildFile; fileRef = ADBC409C2C05AEDF00FBEDA6 /* LSUploadOrDownload.swift */; };
		ADBC40D92C05AEE000FBEDA6 /* LSColorUtil.swift in Sources */ = {isa = PBXBuildFile; fileRef = ADBC409D2C05AEDF00FBEDA6 /* LSColorUtil.swift */; };
		ADBC40DA2C05AEE000FBEDA6 /* LSGradientHelper.swift in Sources */ = {isa = PBXBuildFile; fileRef = ADBC409E2C05AEDF00FBEDA6 /* LSGradientHelper.swift */; };
		ADBC40DB2C05AEE000FBEDA6 /* LSLocationPickerView.swift in Sources */ = {isa = PBXBuildFile; fileRef = ADBC409F2C05AEDF00FBEDA6 /* LSLocationPickerView.swift */; };
		ADBC40DC2C05AEE000FBEDA6 /* LSGuidePageManager.swift in Sources */ = {isa = PBXBuildFile; fileRef = ADBC40A12C05AEDF00FBEDA6 /* LSGuidePageManager.swift */; };
		ADBC40DD2C05AEE000FBEDA6 /* LSButton.swift in Sources */ = {isa = PBXBuildFile; fileRef = ADBC40A22C05AEDF00FBEDA6 /* LSButton.swift */; };
		ADBC40DE2C05AEE000FBEDA6 /* LSDateTransformationManager.swift in Sources */ = {isa = PBXBuildFile; fileRef = ADBC40A32C05AEDF00FBEDA6 /* LSDateTransformationManager.swift */; };
		ADBC40DF2C05AEE000FBEDA6 /* LSClickableView.swift in Sources */ = {isa = PBXBuildFile; fileRef = ADBC40A42C05AEDF00FBEDA6 /* LSClickableView.swift */; };
		ADBC40E02C05AEE000FBEDA6 /* LSClearCacheTool.swift in Sources */ = {isa = PBXBuildFile; fileRef = ADBC40A52C05AEDF00FBEDA6 /* LSClearCacheTool.swift */; };
		ADBC40E12C05AEE000FBEDA6 /* LSATTextView.swift in Sources */ = {isa = PBXBuildFile; fileRef = ADBC40A72C05AEDF00FBEDA6 /* LSATTextView.swift */; };
		ADBC40E22C05AEE000FBEDA6 /* LSATTextViewBinding.swift in Sources */ = {isa = PBXBuildFile; fileRef = ADBC40A82C05AEDF00FBEDA6 /* LSATTextViewBinding.swift */; };
		ADBC40E32C05AEE000FBEDA6 /* LSDeviceTool.swift in Sources */ = {isa = PBXBuildFile; fileRef = ADBC40A92C05AEDF00FBEDA6 /* LSDeviceTool.swift */; };
		ADBC40E42C05AEE000FBEDA6 /* LSCustomPickerView.swift in Sources */ = {isa = PBXBuildFile; fileRef = ADBC40AA2C05AEDF00FBEDA6 /* LSCustomPickerView.swift */; };
		ADBC40E52C05AEE000FBEDA6 /* LSTextView.swift in Sources */ = {isa = PBXBuildFile; fileRef = ADBC40AB2C05AEDF00FBEDA6 /* LSTextView.swift */; };
		ADBC40E62C05AEE000FBEDA6 /* LSAvatarBrowser.swift in Sources */ = {isa = PBXBuildFile; fileRef = ADBC40AC2C05AEDF00FBEDA6 /* LSAvatarBrowser.swift */; };
		ADBC40E72C05AEE000FBEDA6 /* LSToast.swift in Sources */ = {isa = PBXBuildFile; fileRef = ADBC40AD2C05AEDF00FBEDA6 /* LSToast.swift */; };
		ADBC40E82C05AEE000FBEDA6 /* LSBaseViewController.swift in Sources */ = {isa = PBXBuildFile; fileRef = ADBC40B02C05AEE000FBEDA6 /* LSBaseViewController.swift */; };
		ADBC40E92C05AEE000FBEDA6 /* LSBaseTabBarView.swift in Sources */ = {isa = PBXBuildFile; fileRef = ADBC40B22C05AEE000FBEDA6 /* LSBaseTabBarView.swift */; };
		ADBC40EA2C05AEE000FBEDA6 /* UITabBar+LSBadge.swift in Sources */ = {isa = PBXBuildFile; fileRef = ADBC40B32C05AEE000FBEDA6 /* UITabBar+LSBadge.swift */; };
		ADBC40EB2C05AEE000FBEDA6 /* LSBaseTabBarViewController.swift in Sources */ = {isa = PBXBuildFile; fileRef = ADBC40B42C05AEE000FBEDA6 /* LSBaseTabBarViewController.swift */; };
		ADBC40EC2C05AEE000FBEDA6 /* LSBaseNavigationView.swift in Sources */ = {isa = PBXBuildFile; fileRef = ADBC40B62C05AEE000FBEDA6 /* LSBaseNavigationView.swift */; };
		ADBC40ED2C05AEE000FBEDA6 /* LSBaseNavigationViewController.swift in Sources */ = {isa = PBXBuildFile; fileRef = ADBC40B72C05AEE000FBEDA6 /* LSBaseNavigationViewController.swift */; };
		ADBC40EF2C05B2D600FBEDA6 /* PrivacyInfo.xcprivacy in Resources */ = {isa = PBXBuildFile; fileRef = ADBC40EE2C05B2D600FBEDA6 /* PrivacyInfo.xcprivacy */; };
		ADD345772D64C08600696090 /* LSBaseMJRefreshFooterView.swift in Sources */ = {isa = PBXBuildFile; fileRef = ADD345762D64C08600696090 /* LSBaseMJRefreshFooterView.swift */; };
		ADD345792D64C23800696090 /* LSBaseMJRefreshHeaderView.swift in Sources */ = {isa = PBXBuildFile; fileRef = ADD345782D64C23800696090 /* LSBaseMJRefreshHeaderView.swift */; };
		ADF48B8F2D60C2760026C16C /* LSBaseCollectionViewCell.swift in Sources */ = {isa = PBXBuildFile; fileRef = ADF48B8E2D60C2760026C16C /* LSBaseCollectionViewCell.swift */; };
		ADF48B912D60C2C10026C16C /* LSBaseTableViewCell.swift in Sources */ = {isa = PBXBuildFile; fileRef = ADF48B902D60C2C10026C16C /* LSBaseTableViewCell.swift */; };
		B364D6F1159F85CA456B34B6 /* Pods_GenericProjectForSwift.framework in Frameworks */ = {isa = PBXBuildFile; fileRef = D3A2C9153C0CFBBE5285D5A3 /* Pods_GenericProjectForSwift.framework */; };
/* End PBXBuildFile section */

/* Begin PBXFileReference section */
		269BE03C9475BE054816AEDB /* Pods-GenericProjectForSwift.debug.xcconfig */ = {isa = PBXFileReference; includeInIndex = 1; lastKnownFileType = text.xcconfig; name = "Pods-GenericProjectForSwift.debug.xcconfig"; path = "Target Support Files/Pods-GenericProjectForSwift/Pods-GenericProjectForSwift.debug.xcconfig"; sourceTree = "<group>"; };
		AD3F31EA2D6EAEA400E2B4B0 /* LSBaseModel.swift */ = {isa = PBXFileReference; lastKnownFileType = sourcecode.swift; path = LSBaseModel.swift; sourceTree = "<group>"; };
		AD3F31EE2D6EAEE100E2B4B0 /* ThreeModel.swift */ = {isa = PBXFileReference; lastKnownFileType = sourcecode.swift; path = ThreeModel.swift; sourceTree = "<group>"; };
		AD3F31F22D6EDF7500E2B4B0 /* OneModel.swift */ = {isa = PBXFileReference; lastKnownFileType = sourcecode.swift; path = OneModel.swift; sourceTree = "<group>"; };
		AD8F82A92D3FD46500AD6171 /* AppIpConfig.swift */ = {isa = PBXFileReference; lastKnownFileType = sourcecode.swift; path = AppIpConfig.swift; sourceTree = "<group>"; };
		AD8F82AB2D3FD54400AD6171 /* LSDeviceExtension.swift */ = {isa = PBXFileReference; lastKnownFileType = sourcecode.swift; path = LSDeviceExtension.swift; sourceTree = "<group>"; };
		AD8F82AD2D3FD63000AD6171 /* LSBaseLabel.swift */ = {isa = PBXFileReference; lastKnownFileType = sourcecode.swift; path = LSBaseLabel.swift; sourceTree = "<group>"; };
		AD8F82AE2D3FD63000AD6171 /* LSBaseTextField.swift */ = {isa = PBXFileReference; lastKnownFileType = sourcecode.swift; path = LSBaseTextField.swift; sourceTree = "<group>"; };
		AD8F82B42D3FD7A900AD6171 /* LSBaseCollectionViewController.swift */ = {isa = PBXFileReference; lastKnownFileType = sourcecode.swift; path = LSBaseCollectionViewController.swift; sourceTree = "<group>"; };
		AD8F82B62D3FD7B600AD6171 /* LSBaseTableViewController.swift */ = {isa = PBXFileReference; lastKnownFileType = sourcecode.swift; path = LSBaseTableViewController.swift; sourceTree = "<group>"; };
		ADBC40442C058A1E00FBEDA6 /* GenericProjectForSwift.app */ = {isa = PBXFileReference; explicitFileType = wrapper.application; includeInIndex = 0; path = GenericProjectForSwift.app; sourceTree = BUILT_PRODUCTS_DIR; };
		ADBC40472C058A1E00FBEDA6 /* AppDelegate.swift */ = {isa = PBXFileReference; lastKnownFileType = sourcecode.swift; path = AppDelegate.swift; sourceTree = "<group>"; };
		ADBC40502C058A2000FBEDA6 /* Assets.xcassets */ = {isa = PBXFileReference; lastKnownFileType = folder.assetcatalog; path = Assets.xcassets; sourceTree = "<group>"; };
		ADBC40532C058A2000FBEDA6 /* Base */ = {isa = PBXFileReference; lastKnownFileType = file.storyboard; name = Base; path = Base.lproj/LaunchScreen.storyboard; sourceTree = "<group>"; };
		ADBC40552C058A2000FBEDA6 /* Info.plist */ = {isa = PBXFileReference; lastKnownFileType = text.plist.xml; path = Info.plist; sourceTree = "<group>"; };
		ADBC405B2C058A4500FBEDA6 /* GenericProjectForSwift-Bridging-Header.h */ = {isa = PBXFileReference; lastKnownFileType = sourcecode.c.h; path = "GenericProjectForSwift-Bridging-Header.h"; sourceTree = "<group>"; };
		ADBC40642C05A7A000FBEDA6 /* AppConfig.swift */ = {isa = PBXFileReference; fileEncoding = 4; lastKnownFileType = sourcecode.swift; path = AppConfig.swift; sourceTree = "<group>"; };
		ADBC40662C05A81E00FBEDA6 /* LinkView.h */ = {isa = PBXFileReference; lastKnownFileType = sourcecode.c.h; path = LinkView.h; sourceTree = "<group>"; };
		ADBC40672C05A81E00FBEDA6 /* LinkView.m */ = {isa = PBXFileReference; lastKnownFileType = sourcecode.c.objc; path = LinkView.m; sourceTree = "<group>"; };
		ADBC40692C05A82800FBEDA6 /* ChildView.swift */ = {isa = PBXFileReference; lastKnownFileType = sourcecode.swift; path = ChildView.swift; sourceTree = "<group>"; };
		ADBC406E2C05AEDE00FBEDA6 /* PushViewController.swift */ = {isa = PBXFileReference; fileEncoding = 4; lastKnownFileType = sourcecode.swift; path = PushViewController.swift; sourceTree = "<group>"; };
		ADBC406F2C05AEDE00FBEDA6 /* OneViewController.swift */ = {isa = PBXFileReference; fileEncoding = 4; lastKnownFileType = sourcecode.swift; path = OneViewController.swift; sourceTree = "<group>"; };
		ADBC40702C05AEDE00FBEDA6 /* LookPictureViewController.swift */ = {isa = PBXFileReference; fileEncoding = 4; lastKnownFileType = sourcecode.swift; path = LookPictureViewController.swift; sourceTree = "<group>"; };
		ADBC40722C05AEDE00FBEDA6 /* LookPictureCollectionViewCell.swift */ = {isa = PBXFileReference; fileEncoding = 4; lastKnownFileType = sourcecode.swift; path = LookPictureCollectionViewCell.swift; sourceTree = "<group>"; };
		ADBC40752C05AEDE00FBEDA6 /* ThreeViewController.swift */ = {isa = PBXFileReference; fileEncoding = 4; lastKnownFileType = sourcecode.swift; path = ThreeViewController.swift; sourceTree = "<group>"; };
		ADBC40782C05AEDE00FBEDA6 /* FourViewController.swift */ = {isa = PBXFileReference; fileEncoding = 4; lastKnownFileType = sourcecode.swift; path = FourViewController.swift; sourceTree = "<group>"; };
		ADBC407B2C05AEDE00FBEDA6 /* TwoViewController.swift */ = {isa = PBXFileReference; fileEncoding = 4; lastKnownFileType = sourcecode.swift; path = TwoViewController.swift; sourceTree = "<group>"; };
		ADBC407E2C05AEDF00FBEDA6 /* province_data.xml */ = {isa = PBXFileReference; fileEncoding = 4; lastKnownFileType = text.xml; path = province_data.xml; sourceTree = "<group>"; };
		ADBC407F2C05AEDF00FBEDA6 /* TabBarConfigure.plist */ = {isa = PBXFileReference; fileEncoding = 4; lastKnownFileType = text.plist.xml; path = TabBarConfigure.plist; sourceTree = "<group>"; };
		ADBC40802C05AEDF00FBEDA6 /* 城市数据.txt */ = {isa = PBXFileReference; fileEncoding = 4; lastKnownFileType = text; path = "城市数据.txt"; sourceTree = "<group>"; };
		ADBC40812C05AEDF00FBEDA6 /* error.wav */ = {isa = PBXFileReference; lastKnownFileType = audio.wav; path = error.wav; sourceTree = "<group>"; };
		ADBC40832C05AEDF00FBEDA6 /* NSString+RegularExpression.swift */ = {isa = PBXFileReference; fileEncoding = 4; lastKnownFileType = sourcecode.swift; path = "NSString+RegularExpression.swift"; sourceTree = "<group>"; };
		ADBC40842C05AEDF00FBEDA6 /* UIView+LSExtension.swift */ = {isa = PBXFileReference; fileEncoding = 4; lastKnownFileType = sourcecode.swift; path = "UIView+LSExtension.swift"; sourceTree = "<group>"; };
		ADBC40852C05AEDF00FBEDA6 /* String+StringSubstring.swift */ = {isa = PBXFileReference; fileEncoding = 4; lastKnownFileType = sourcecode.swift; path = "String+StringSubstring.swift"; sourceTree = "<group>"; };
		ADBC40872C05AEDF00FBEDA6 /* LSCornerRadiusHelper.swift */ = {isa = PBXFileReference; fileEncoding = 4; lastKnownFileType = sourcecode.swift; path = LSCornerRadiusHelper.swift; sourceTree = "<group>"; };
		ADBC40892C05AEDF00FBEDA6 /* LSPhotoSelect.swift */ = {isa = PBXFileReference; fileEncoding = 4; lastKnownFileType = sourcecode.swift; path = LSPhotoSelect.swift; sourceTree = "<group>"; };
		ADBC408A2C05AEDF00FBEDA6 /* PhotoCropEditorBorder@2x.png */ = {isa = PBXFileReference; lastKnownFileType = image.png; path = "PhotoCropEditorBorder@2x.png"; sourceTree = "<group>"; };
		ADBC408B2C05AEDF00FBEDA6 /* LSCropRectView.swift */ = {isa = PBXFileReference; fileEncoding = 4; lastKnownFileType = sourcecode.swift; path = LSCropRectView.swift; sourceTree = "<group>"; };
		ADBC408C2C05AEDF00FBEDA6 /* PhotoCropEditorBorder.png */ = {isa = PBXFileReference; lastKnownFileType = image.png; path = PhotoCropEditorBorder.png; sourceTree = "<group>"; };
		ADBC408D2C05AEDF00FBEDA6 /* LSResizeView.swift */ = {isa = PBXFileReference; fileEncoding = 4; lastKnownFileType = sourcecode.swift; path = LSResizeView.swift; sourceTree = "<group>"; };
		ADBC408E2C05AEDF00FBEDA6 /* LSImageEditViewController.swift */ = {isa = PBXFileReference; fileEncoding = 4; lastKnownFileType = sourcecode.swift; path = LSImageEditViewController.swift; sourceTree = "<group>"; };
		ADBC408F2C05AEDF00FBEDA6 /* LSCropView.swift */ = {isa = PBXFileReference; fileEncoding = 4; lastKnownFileType = sourcecode.swift; path = LSCropView.swift; sourceTree = "<group>"; };
		ADBC40902C05AEDF00FBEDA6 /* LSImageUtil.swift */ = {isa = PBXFileReference; fileEncoding = 4; lastKnownFileType = sourcecode.swift; path = LSImageUtil.swift; sourceTree = "<group>"; };
		ADBC40912C05AEDF00FBEDA6 /* LSDatePickerUtils.swift */ = {isa = PBXFileReference; fileEncoding = 4; lastKnownFileType = sourcecode.swift; path = LSDatePickerUtils.swift; sourceTree = "<group>"; };
		ADBC40922C05AEDF00FBEDA6 /* LSAndroidForActionSheet.swift */ = {isa = PBXFileReference; fileEncoding = 4; lastKnownFileType = sourcecode.swift; path = LSAndroidForActionSheet.swift; sourceTree = "<group>"; };
		ADBC40942C05AEDF00FBEDA6 /* LSImagePickerManage.swift */ = {isa = PBXFileReference; fileEncoding = 4; lastKnownFileType = sourcecode.swift; path = LSImagePickerManage.swift; sourceTree = "<group>"; };
		ADBC40952C05AEDF00FBEDA6 /* LSAlertControllerUtil.swift */ = {isa = PBXFileReference; fileEncoding = 4; lastKnownFileType = sourcecode.swift; path = LSAlertControllerUtil.swift; sourceTree = "<group>"; };
		ADBC40972C05AEDF00FBEDA6 /* AppDelegateUMengShareTool.swift */ = {isa = PBXFileReference; fileEncoding = 4; lastKnownFileType = sourcecode.swift; path = AppDelegateUMengShareTool.swift; sourceTree = "<group>"; };
		ADBC40982C05AEDF00FBEDA6 /* LSShareView.swift */ = {isa = PBXFileReference; fileEncoding = 4; lastKnownFileType = sourcecode.swift; path = LSShareView.swift; sourceTree = "<group>"; };
		ADBC40992C05AEDF00FBEDA6 /* LSShareTool.swift */ = {isa = PBXFileReference; fileEncoding = 4; lastKnownFileType = sourcecode.swift; path = LSShareTool.swift; sourceTree = "<group>"; };
		ADBC409A2C05AEDF00FBEDA6 /* LSShareViewCollectionViewCell.swift */ = {isa = PBXFileReference; fileEncoding = 4; lastKnownFileType = sourcecode.swift; path = LSShareViewCollectionViewCell.swift; sourceTree = "<group>"; };
		ADBC409B2C05AEDF00FBEDA6 /* LSNetworkRequest.swift */ = {isa = PBXFileReference; fileEncoding = 4; lastKnownFileType = sourcecode.swift; path = LSNetworkRequest.swift; sourceTree = "<group>"; };
		ADBC409C2C05AEDF00FBEDA6 /* LSUploadOrDownload.swift */ = {isa = PBXFileReference; fileEncoding = 4; lastKnownFileType = sourcecode.swift; path = LSUploadOrDownload.swift; sourceTree = "<group>"; };
		ADBC409D2C05AEDF00FBEDA6 /* LSColorUtil.swift */ = {isa = PBXFileReference; fileEncoding = 4; lastKnownFileType = sourcecode.swift; path = LSColorUtil.swift; sourceTree = "<group>"; };
		ADBC409E2C05AEDF00FBEDA6 /* LSGradientHelper.swift */ = {isa = PBXFileReference; fileEncoding = 4; lastKnownFileType = sourcecode.swift; path = LSGradientHelper.swift; sourceTree = "<group>"; };
		ADBC409F2C05AEDF00FBEDA6 /* LSLocationPickerView.swift */ = {isa = PBXFileReference; fileEncoding = 4; lastKnownFileType = sourcecode.swift; path = LSLocationPickerView.swift; sourceTree = "<group>"; };
		ADBC40A12C05AEDF00FBEDA6 /* LSGuidePageManager.swift */ = {isa = PBXFileReference; fileEncoding = 4; lastKnownFileType = sourcecode.swift; path = LSGuidePageManager.swift; sourceTree = "<group>"; };
		ADBC40A22C05AEDF00FBEDA6 /* LSButton.swift */ = {isa = PBXFileReference; fileEncoding = 4; lastKnownFileType = sourcecode.swift; path = LSButton.swift; sourceTree = "<group>"; };
		ADBC40A32C05AEDF00FBEDA6 /* LSDateTransformationManager.swift */ = {isa = PBXFileReference; fileEncoding = 4; lastKnownFileType = sourcecode.swift; path = LSDateTransformationManager.swift; sourceTree = "<group>"; };
		ADBC40A42C05AEDF00FBEDA6 /* LSClickableView.swift */ = {isa = PBXFileReference; fileEncoding = 4; lastKnownFileType = sourcecode.swift; path = LSClickableView.swift; sourceTree = "<group>"; };
		ADBC40A52C05AEDF00FBEDA6 /* LSClearCacheTool.swift */ = {isa = PBXFileReference; fileEncoding = 4; lastKnownFileType = sourcecode.swift; path = LSClearCacheTool.swift; sourceTree = "<group>"; };
		ADBC40A72C05AEDF00FBEDA6 /* LSATTextView.swift */ = {isa = PBXFileReference; fileEncoding = 4; lastKnownFileType = sourcecode.swift; path = LSATTextView.swift; sourceTree = "<group>"; };
		ADBC40A82C05AEDF00FBEDA6 /* LSATTextViewBinding.swift */ = {isa = PBXFileReference; fileEncoding = 4; lastKnownFileType = sourcecode.swift; path = LSATTextViewBinding.swift; sourceTree = "<group>"; };
		ADBC40A92C05AEDF00FBEDA6 /* LSDeviceTool.swift */ = {isa = PBXFileReference; fileEncoding = 4; lastKnownFileType = sourcecode.swift; path = LSDeviceTool.swift; sourceTree = "<group>"; };
		ADBC40AA2C05AEDF00FBEDA6 /* LSCustomPickerView.swift */ = {isa = PBXFileReference; fileEncoding = 4; lastKnownFileType = sourcecode.swift; path = LSCustomPickerView.swift; sourceTree = "<group>"; };
		ADBC40AB2C05AEDF00FBEDA6 /* LSTextView.swift */ = {isa = PBXFileReference; fileEncoding = 4; lastKnownFileType = sourcecode.swift; path = LSTextView.swift; sourceTree = "<group>"; };
		ADBC40AC2C05AEDF00FBEDA6 /* LSAvatarBrowser.swift */ = {isa = PBXFileReference; fileEncoding = 4; lastKnownFileType = sourcecode.swift; path = LSAvatarBrowser.swift; sourceTree = "<group>"; };
		ADBC40AD2C05AEDF00FBEDA6 /* LSToast.swift */ = {isa = PBXFileReference; fileEncoding = 4; lastKnownFileType = sourcecode.swift; path = LSToast.swift; sourceTree = "<group>"; };
		ADBC40B02C05AEE000FBEDA6 /* LSBaseViewController.swift */ = {isa = PBXFileReference; fileEncoding = 4; lastKnownFileType = sourcecode.swift; path = LSBaseViewController.swift; sourceTree = "<group>"; };
		ADBC40B22C05AEE000FBEDA6 /* LSBaseTabBarView.swift */ = {isa = PBXFileReference; fileEncoding = 4; lastKnownFileType = sourcecode.swift; path = LSBaseTabBarView.swift; sourceTree = "<group>"; };
		ADBC40B32C05AEE000FBEDA6 /* UITabBar+LSBadge.swift */ = {isa = PBXFileReference; fileEncoding = 4; lastKnownFileType = sourcecode.swift; path = "UITabBar+LSBadge.swift"; sourceTree = "<group>"; };
		ADBC40B42C05AEE000FBEDA6 /* LSBaseTabBarViewController.swift */ = {isa = PBXFileReference; fileEncoding = 4; lastKnownFileType = sourcecode.swift; path = LSBaseTabBarViewController.swift; sourceTree = "<group>"; };
		ADBC40B62C05AEE000FBEDA6 /* LSBaseNavigationView.swift */ = {isa = PBXFileReference; fileEncoding = 4; lastKnownFileType = sourcecode.swift; path = LSBaseNavigationView.swift; sourceTree = "<group>"; };
		ADBC40B72C05AEE000FBEDA6 /* LSBaseNavigationViewController.swift */ = {isa = PBXFileReference; fileEncoding = 4; lastKnownFileType = sourcecode.swift; path = LSBaseNavigationViewController.swift; sourceTree = "<group>"; };
		ADBC40EE2C05B2D600FBEDA6 /* PrivacyInfo.xcprivacy */ = {isa = PBXFileReference; fileEncoding = 4; lastKnownFileType = text.xml; path = PrivacyInfo.xcprivacy; sourceTree = "<group>"; };
		ADD345762D64C08600696090 /* LSBaseMJRefreshFooterView.swift */ = {isa = PBXFileReference; lastKnownFileType = sourcecode.swift; path = LSBaseMJRefreshFooterView.swift; sourceTree = "<group>"; };
		ADD345782D64C23800696090 /* LSBaseMJRefreshHeaderView.swift */ = {isa = PBXFileReference; lastKnownFileType = sourcecode.swift; path = LSBaseMJRefreshHeaderView.swift; sourceTree = "<group>"; };
		ADF48B8E2D60C2760026C16C /* LSBaseCollectionViewCell.swift */ = {isa = PBXFileReference; lastKnownFileType = sourcecode.swift; path = LSBaseCollectionViewCell.swift; sourceTree = "<group>"; };
		ADF48B902D60C2C10026C16C /* LSBaseTableViewCell.swift */ = {isa = PBXFileReference; lastKnownFileType = sourcecode.swift; path = LSBaseTableViewCell.swift; sourceTree = "<group>"; };
		D3A2C9153C0CFBBE5285D5A3 /* Pods_GenericProjectForSwift.framework */ = {isa = PBXFileReference; explicitFileType = wrapper.framework; includeInIndex = 0; path = Pods_GenericProjectForSwift.framework; sourceTree = BUILT_PRODUCTS_DIR; };
		E56181E6C09C31C388E0FDAE /* Pods-GenericProjectForSwift.release.xcconfig */ = {isa = PBXFileReference; includeInIndex = 1; lastKnownFileType = text.xcconfig; name = "Pods-GenericProjectForSwift.release.xcconfig"; path = "Target Support Files/Pods-GenericProjectForSwift/Pods-GenericProjectForSwift.release.xcconfig"; sourceTree = "<group>"; };
/* End PBXFileReference section */

/* Begin PBXFrameworksBuildPhase section */
		ADBC40412C058A1E00FBEDA6 /* Frameworks */ = {
			isa = PBXFrameworksBuildPhase;
			buildActionMask = 2147483647;
			files = (
				B364D6F1159F85CA456B34B6 /* Pods_GenericProjectForSwift.framework in Frameworks */,
			);
			runOnlyForDeploymentPostprocessing = 0;
		};
/* End PBXFrameworksBuildPhase section */

/* Begin PBXGroup section */
		8D5EC8AD66E35A921CE10546 /* Frameworks */ = {
			isa = PBXGroup;
			children = (
				D3A2C9153C0CFBBE5285D5A3 /* Pods_GenericProjectForSwift.framework */,
			);
			name = Frameworks;
			sourceTree = "<group>";
		};
		AD3F31E92D6EAE9800E2B4B0 /* LSBaseModel */ = {
			isa = PBXGroup;
			children = (
				AD3F31EA2D6EAEA400E2B4B0 /* LSBaseModel.swift */,
			);
			path = LSBaseModel;
			sourceTree = "<group>";
		};
		AD8F82AF2D3FD63000AD6171 /* LSBaseView */ = {
			isa = PBXGroup;
			children = (
				AD8F82AD2D3FD63000AD6171 /* LSBaseLabel.swift */,
				AD8F82AE2D3FD63000AD6171 /* LSBaseTextField.swift */,
			);
			path = LSBaseView;
			sourceTree = "<group>";
		};
		AD8F82B22D3FD77A00AD6171 /* LSBaseCollectionViewController */ = {
			isa = PBXGroup;
			children = (
				AD8F82B42D3FD7A900AD6171 /* LSBaseCollectionViewController.swift */,
				ADF48B8E2D60C2760026C16C /* LSBaseCollectionViewCell.swift */,
			);
			path = LSBaseCollectionViewController;
			sourceTree = "<group>";
		};
		AD8F82B32D3FD77A00AD6171 /* LSBaseTableViewController */ = {
			isa = PBXGroup;
			children = (
				AD8F82B62D3FD7B600AD6171 /* LSBaseTableViewController.swift */,
				ADF48B902D60C2C10026C16C /* LSBaseTableViewCell.swift */,
			);
			path = LSBaseTableViewController;
			sourceTree = "<group>";
		};
		ADBC403B2C058A1E00FBEDA6 = {
			isa = PBXGroup;
			children = (
				ADBC40462C058A1E00FBEDA6 /* GenericProjectForSwift */,
				ADBC40452C058A1E00FBEDA6 /* Products */,
				C109222D2B75A366B811ACDF /* Pods */,
				8D5EC8AD66E35A921CE10546 /* Frameworks */,
			);
			sourceTree = "<group>";
		};
		ADBC40452C058A1E00FBEDA6 /* Products */ = {
			isa = PBXGroup;
			children = (
				ADBC40442C058A1E00FBEDA6 /* GenericProjectForSwift.app */,
			);
			name = Products;
			sourceTree = "<group>";
		};
		ADBC40462C058A1E00FBEDA6 /* GenericProjectForSwift */ = {
			isa = PBXGroup;
			children = (
				ADBC40AE2C05AEE000FBEDA6 /* Base(基类) */,
				ADBC406B2C05AEDE00FBEDA6 /* Classes */,
				ADBC407C2C05AEDF00FBEDA6 /* Resources(资源) */,
				ADBC40472C058A1E00FBEDA6 /* AppDelegate.swift */,
				ADBC40642C05A7A000FBEDA6 /* AppConfig.swift */,
				AD8F82A92D3FD46500AD6171 /* AppIpConfig.swift */,
				ADBC405B2C058A4500FBEDA6 /* GenericProjectForSwift-Bridging-Header.h */,
				ADBC40EE2C05B2D600FBEDA6 /* PrivacyInfo.xcprivacy */,
				ADBC40662C05A81E00FBEDA6 /* LinkView.h */,
				ADBC40672C05A81E00FBEDA6 /* LinkView.m */,
				ADBC40692C05A82800FBEDA6 /* ChildView.swift */,
				ADBC40502C058A2000FBEDA6 /* Assets.xcassets */,
				ADBC40522C058A2000FBEDA6 /* LaunchScreen.storyboard */,
				ADBC40552C058A2000FBEDA6 /* Info.plist */,
			);
			path = GenericProjectForSwift;
			sourceTree = "<group>";
		};
		ADBC406B2C05AEDE00FBEDA6 /* Classes */ = {
			isa = PBXGroup;
			children = (
				ADBC406C2C05AEDE00FBEDA6 /* 第一模块 */,
				ADBC40792C05AEDE00FBEDA6 /* 第二模块 */,
				ADBC40732C05AEDE00FBEDA6 /* 第三模块 */,
				ADBC40762C05AEDE00FBEDA6 /* 第四模块 */,
			);
			path = Classes;
			sourceTree = "<group>";
		};
		ADBC406C2C05AEDE00FBEDA6 /* 第一模块 */ = {
			isa = PBXGroup;
			children = (
				ADBC406D2C05AEDE00FBEDA6 /* Controller */,
				ADBC40712C05AEDE00FBEDA6 /* View */,
			);
			path = "第一模块";
			sourceTree = "<group>";
		};
		ADBC406D2C05AEDE00FBEDA6 /* Controller */ = {
			isa = PBXGroup;
			children = (
				ADBC406E2C05AEDE00FBEDA6 /* PushViewController.swift */,
				ADBC406F2C05AEDE00FBEDA6 /* OneViewController.swift */,
				AD3F31F22D6EDF7500E2B4B0 /* OneModel.swift */,
				ADBC40702C05AEDE00FBEDA6 /* LookPictureViewController.swift */,
			);
			path = Controller;
			sourceTree = "<group>";
		};
		ADBC40712C05AEDE00FBEDA6 /* View */ = {
			isa = PBXGroup;
			children = (
				ADBC40722C05AEDE00FBEDA6 /* LookPictureCollectionViewCell.swift */,
			);
			path = View;
			sourceTree = "<group>";
		};
		ADBC40732C05AEDE00FBEDA6 /* 第三模块 */ = {
			isa = PBXGroup;
			children = (
				ADBC40742C05AEDE00FBEDA6 /* Controller */,
			);
			path = "第三模块";
			sourceTree = "<group>";
		};
		ADBC40742C05AEDE00FBEDA6 /* Controller */ = {
			isa = PBXGroup;
			children = (
				ADBC40752C05AEDE00FBEDA6 /* ThreeViewController.swift */,
				AD3F31EE2D6EAEE100E2B4B0 /* ThreeModel.swift */,
			);
			path = Controller;
			sourceTree = "<group>";
		};
		ADBC40762C05AEDE00FBEDA6 /* 第四模块 */ = {
			isa = PBXGroup;
			children = (
				ADBC40772C05AEDE00FBEDA6 /* Controller */,
			);
			path = "第四模块";
			sourceTree = "<group>";
		};
		ADBC40772C05AEDE00FBEDA6 /* Controller */ = {
			isa = PBXGroup;
			children = (
				ADBC40782C05AEDE00FBEDA6 /* FourViewController.swift */,
			);
			path = Controller;
			sourceTree = "<group>";
		};
		ADBC40792C05AEDE00FBEDA6 /* 第二模块 */ = {
			isa = PBXGroup;
			children = (
				ADBC407A2C05AEDE00FBEDA6 /* Controller */,
			);
			path = "第二模块";
			sourceTree = "<group>";
		};
		ADBC407A2C05AEDE00FBEDA6 /* Controller */ = {
			isa = PBXGroup;
			children = (
				ADBC407B2C05AEDE00FBEDA6 /* TwoViewController.swift */,
			);
			path = Controller;
			sourceTree = "<group>";
		};
		ADBC407C2C05AEDF00FBEDA6 /* Resources(资源) */ = {
			isa = PBXGroup;
			children = (
				ADBC407D2C05AEDF00FBEDA6 /* Document(文件) */,
				ADBC40822C05AEDF00FBEDA6 /* Extend(扩展类) */,
				ADBC40862C05AEDF00FBEDA6 /* Tools(工具类) */,
			);
			path = "Resources(资源)";
			sourceTree = "<group>";
		};
		ADBC407D2C05AEDF00FBEDA6 /* Document(文件) */ = {
			isa = PBXGroup;
			children = (
				ADBC407E2C05AEDF00FBEDA6 /* province_data.xml */,
				ADBC407F2C05AEDF00FBEDA6 /* TabBarConfigure.plist */,
				ADBC40802C05AEDF00FBEDA6 /* 城市数据.txt */,
				ADBC40812C05AEDF00FBEDA6 /* error.wav */,
			);
			path = "Document(文件)";
			sourceTree = "<group>";
		};
		ADBC40822C05AEDF00FBEDA6 /* Extend(扩展类) */ = {
			isa = PBXGroup;
			children = (
				AD8F82AB2D3FD54400AD6171 /* LSDeviceExtension.swift */,
				ADBC40832C05AEDF00FBEDA6 /* NSString+RegularExpression.swift */,
				ADBC40842C05AEDF00FBEDA6 /* UIView+LSExtension.swift */,
				ADBC40852C05AEDF00FBEDA6 /* String+StringSubstring.swift */,
			);
			path = "Extend(扩展类)";
			sourceTree = "<group>";
		};
		ADBC40862C05AEDF00FBEDA6 /* Tools(工具类) */ = {
			isa = PBXGroup;
			children = (
				ADBC40A62C05AEDF00FBEDA6 /* 带艾特功能的TextView */,
				ADBC40932C05AEDF00FBEDA6 /* 图片浏览器二次封装 */,
				ADBC40882C05AEDF00FBEDA6 /* 头像裁剪 */,
				ADBC40A02C05AEDF00FBEDA6 /* 新功能引导 */,
				ADBC40962C05AEDF00FBEDA6 /* 友盟分享封装 */,
				ADBC40872C05AEDF00FBEDA6 /* LSCornerRadiusHelper.swift */,
				ADBC40902C05AEDF00FBEDA6 /* LSImageUtil.swift */,
				ADBC40912C05AEDF00FBEDA6 /* LSDatePickerUtils.swift */,
				ADBC40922C05AEDF00FBEDA6 /* LSAndroidForActionSheet.swift */,
				ADBC40952C05AEDF00FBEDA6 /* LSAlertControllerUtil.swift */,
				ADBC409B2C05AEDF00FBEDA6 /* LSNetworkRequest.swift */,
				ADBC409C2C05AEDF00FBEDA6 /* LSUploadOrDownload.swift */,
				ADBC409D2C05AEDF00FBEDA6 /* LSColorUtil.swift */,
				ADBC409E2C05AEDF00FBEDA6 /* LSGradientHelper.swift */,
				ADBC409F2C05AEDF00FBEDA6 /* LSLocationPickerView.swift */,
				ADBC40A22C05AEDF00FBEDA6 /* LSButton.swift */,
				ADBC40A32C05AEDF00FBEDA6 /* LSDateTransformationManager.swift */,
				ADBC40A42C05AEDF00FBEDA6 /* LSClickableView.swift */,
				ADBC40A52C05AEDF00FBEDA6 /* LSClearCacheTool.swift */,
				ADBC40A92C05AEDF00FBEDA6 /* LSDeviceTool.swift */,
				ADBC40AA2C05AEDF00FBEDA6 /* LSCustomPickerView.swift */,
				ADBC40AB2C05AEDF00FBEDA6 /* LSTextView.swift */,
				ADBC40AC2C05AEDF00FBEDA6 /* LSAvatarBrowser.swift */,
				ADBC40AD2C05AEDF00FBEDA6 /* LSToast.swift */,
			);
			path = "Tools(工具类)";
			sourceTree = "<group>";
		};
		ADBC40882C05AEDF00FBEDA6 /* 头像裁剪 */ = {
			isa = PBXGroup;
			children = (
				ADBC408C2C05AEDF00FBEDA6 /* PhotoCropEditorBorder.png */,
				ADBC408A2C05AEDF00FBEDA6 /* PhotoCropEditorBorder@2x.png */,
				ADBC408D2C05AEDF00FBEDA6 /* LSResizeView.swift */,
				ADBC408B2C05AEDF00FBEDA6 /* LSCropRectView.swift */,
				ADBC408F2C05AEDF00FBEDA6 /* LSCropView.swift */,
				ADBC408E2C05AEDF00FBEDA6 /* LSImageEditViewController.swift */,
				ADBC40892C05AEDF00FBEDA6 /* LSPhotoSelect.swift */,
			);
			path = "头像裁剪";
			sourceTree = "<group>";
		};
		ADBC40932C05AEDF00FBEDA6 /* 图片浏览器二次封装 */ = {
			isa = PBXGroup;
			children = (
				ADBC40942C05AEDF00FBEDA6 /* LSImagePickerManage.swift */,
			);
			path = "图片浏览器二次封装";
			sourceTree = "<group>";
		};
		ADBC40962C05AEDF00FBEDA6 /* 友盟分享封装 */ = {
			isa = PBXGroup;
			children = (
				ADBC40972C05AEDF00FBEDA6 /* AppDelegateUMengShareTool.swift */,
				ADBC40992C05AEDF00FBEDA6 /* LSShareTool.swift */,
				ADBC40982C05AEDF00FBEDA6 /* LSShareView.swift */,
				ADBC409A2C05AEDF00FBEDA6 /* LSShareViewCollectionViewCell.swift */,
			);
			path = "友盟分享封装";
			sourceTree = "<group>";
		};
		ADBC40A02C05AEDF00FBEDA6 /* 新功能引导 */ = {
			isa = PBXGroup;
			children = (
				ADBC40A12C05AEDF00FBEDA6 /* LSGuidePageManager.swift */,
			);
			path = "新功能引导";
			sourceTree = "<group>";
		};
		ADBC40A62C05AEDF00FBEDA6 /* 带艾特功能的TextView */ = {
			isa = PBXGroup;
			children = (
				ADBC40A72C05AEDF00FBEDA6 /* LSATTextView.swift */,
				ADBC40A82C05AEDF00FBEDA6 /* LSATTextViewBinding.swift */,
			);
			path = "带艾特功能的TextView";
			sourceTree = "<group>";
		};
		ADBC40AE2C05AEE000FBEDA6 /* Base(基类) */ = {
			isa = PBXGroup;
			children = (
				AD3F31E92D6EAE9800E2B4B0 /* LSBaseModel */,
				ADD345752D64C06F00696090 /* LSBaseMJRefreshView */,
				AD8F82AF2D3FD63000AD6171 /* LSBaseView */,
				ADBC40AF2C05AEE000FBEDA6 /* LSBaseViewController */,
				ADBC40B52C05AEE000FBEDA6 /* LSBaseNavigationViewController */,
				ADBC40B12C05AEE000FBEDA6 /* LSBaseTabBarViewController */,
				AD8F82B22D3FD77A00AD6171 /* LSBaseCollectionViewController */,
				AD8F82B32D3FD77A00AD6171 /* LSBaseTableViewController */,
			);
			path = "Base(基类)";
			sourceTree = "<group>";
		};
		ADBC40AF2C05AEE000FBEDA6 /* LSBaseViewController */ = {
			isa = PBXGroup;
			children = (
				ADBC40B02C05AEE000FBEDA6 /* LSBaseViewController.swift */,
			);
			path = LSBaseViewController;
			sourceTree = "<group>";
		};
		ADBC40B12C05AEE000FBEDA6 /* LSBaseTabBarViewController */ = {
			isa = PBXGroup;
			children = (
				ADBC40B22C05AEE000FBEDA6 /* LSBaseTabBarView.swift */,
				ADBC40B42C05AEE000FBEDA6 /* LSBaseTabBarViewController.swift */,
				ADBC40B32C05AEE000FBEDA6 /* UITabBar+LSBadge.swift */,
			);
			path = LSBaseTabBarViewController;
			sourceTree = "<group>";
		};
		ADBC40B52C05AEE000FBEDA6 /* LSBaseNavigationViewController */ = {
			isa = PBXGroup;
			children = (
				ADBC40B62C05AEE000FBEDA6 /* LSBaseNavigationView.swift */,
				ADBC40B72C05AEE000FBEDA6 /* LSBaseNavigationViewController.swift */,
			);
			path = LSBaseNavigationViewController;
			sourceTree = "<group>";
		};
		ADD345752D64C06F00696090 /* LSBaseMJRefreshView */ = {
			isa = PBXGroup;
			children = (
				ADD345782D64C23800696090 /* LSBaseMJRefreshHeaderView.swift */,
				ADD345762D64C08600696090 /* LSBaseMJRefreshFooterView.swift */,
			);
			path = LSBaseMJRefreshView;
			sourceTree = "<group>";
		};
		C109222D2B75A366B811ACDF /* Pods */ = {
			isa = PBXGroup;
			children = (
				269BE03C9475BE054816AEDB /* Pods-GenericProjectForSwift.debug.xcconfig */,
				E56181E6C09C31C388E0FDAE /* Pods-GenericProjectForSwift.release.xcconfig */,
			);
			path = Pods;
			sourceTree = "<group>";
		};
/* End PBXGroup section */

/* Begin PBXNativeTarget section */
		ADBC40432C058A1E00FBEDA6 /* GenericProjectForSwift */ = {
			isa = PBXNativeTarget;
			buildConfigurationList = ADBC40582C058A2000FBEDA6 /* Build configuration list for PBXNativeTarget "GenericProjectForSwift" */;
			buildPhases = (
				948D36A9487405158DF4A130 /* [CP] Check Pods Manifest.lock */,
				ADBC40402C058A1E00FBEDA6 /* Sources */,
				ADBC40412C058A1E00FBEDA6 /* Frameworks */,
				ADBC40422C058A1E00FBEDA6 /* Resources */,
				FF2059A38B7D4500A9465C62 /* [CP] Embed Pods Frameworks */,
				CDC46FC958F6F1AD353E82EC /* [CP] Copy Pods Resources */,
			);
			buildRules = (
			);
			dependencies = (
			);
			name = GenericProjectForSwift;
			productName = GenericProjectForSwift;
			productReference = ADBC40442C058A1E00FBEDA6 /* GenericProjectForSwift.app */;
			productType = "com.apple.product-type.application";
		};
/* End PBXNativeTarget section */

/* Begin PBXProject section */
		ADBC403C2C058A1E00FBEDA6 /* Project object */ = {
			isa = PBXProject;
			attributes = {
				BuildIndependentTargetsInParallel = 1;
				LastSwiftUpdateCheck = 1520;
				LastUpgradeCheck = 1520;
				TargetAttributes = {
					ADBC40432C058A1E00FBEDA6 = {
						CreatedOnToolsVersion = 15.2;
						LastSwiftMigration = 1520;
					};
				};
			};
			buildConfigurationList = ADBC403F2C058A1E00FBEDA6 /* Build configuration list for PBXProject "GenericProjectForSwift" */;
			compatibilityVersion = "Xcode 14.0";
			developmentRegion = en;
			hasScannedForEncodings = 0;
			knownRegions = (
				en,
				Base,
			);
			mainGroup = ADBC403B2C058A1E00FBEDA6;
			productRefGroup = ADBC40452C058A1E00FBEDA6 /* Products */;
			projectDirPath = "";
			projectRoot = "";
			targets = (
				ADBC40432C058A1E00FBEDA6 /* GenericProjectForSwift */,
			);
		};
/* End PBXProject section */

/* Begin PBXResourcesBuildPhase section */
		ADBC40422C058A1E00FBEDA6 /* Resources */ = {
			isa = PBXResourcesBuildPhase;
			buildActionMask = 2147483647;
			files = (
				ADBC40C12C05AEE000FBEDA6 /* 城市数据.txt in Resources */,
				ADBC40C82C05AEE000FBEDA6 /* PhotoCropEditorBorder@2x.png in Resources */,
				ADBC40542C058A2000FBEDA6 /* LaunchScreen.storyboard in Resources */,
				ADBC40EF2C05B2D600FBEDA6 /* PrivacyInfo.xcprivacy in Resources */,
				ADBC40C02C05AEE000FBEDA6 /* TabBarConfigure.plist in Resources */,
				ADBC40512C058A2000FBEDA6 /* Assets.xcassets in Resources */,
				ADBC40BF2C05AEE000FBEDA6 /* province_data.xml in Resources */,
				ADBC40C22C05AEE000FBEDA6 /* error.wav in Resources */,
				ADBC40CA2C05AEE000FBEDA6 /* PhotoCropEditorBorder.png in Resources */,
			);
			runOnlyForDeploymentPostprocessing = 0;
		};
/* End PBXResourcesBuildPhase section */

/* Begin PBXShellScriptBuildPhase section */
		948D36A9487405158DF4A130 /* [CP] Check Pods Manifest.lock */ = {
			isa = PBXShellScriptBuildPhase;
			buildActionMask = 2147483647;
			files = (
			);
			inputFileListPaths = (
			);
			inputPaths = (
				"${PODS_PODFILE_DIR_PATH}/Podfile.lock",
				"${PODS_ROOT}/Manifest.lock",
			);
			name = "[CP] Check Pods Manifest.lock";
			outputFileListPaths = (
			);
			outputPaths = (
				"$(DERIVED_FILE_DIR)/Pods-GenericProjectForSwift-checkManifestLockResult.txt",
			);
			runOnlyForDeploymentPostprocessing = 0;
			shellPath = /bin/sh;
			shellScript = "diff \"${PODS_PODFILE_DIR_PATH}/Podfile.lock\" \"${PODS_ROOT}/Manifest.lock\" > /dev/null\nif [ $? != 0 ] ; then\n    # print error to STDERR\n    echo \"error: The sandbox is not in sync with the Podfile.lock. Run 'pod install' or update your CocoaPods installation.\" >&2\n    exit 1\nfi\n# This output is used by Xcode 'outputs' to avoid re-running this script phase.\necho \"SUCCESS\" > \"${SCRIPT_OUTPUT_FILE_0}\"\n";
			showEnvVarsInLog = 0;
		};
		CDC46FC958F6F1AD353E82EC /* [CP] Copy Pods Resources */ = {
			isa = PBXShellScriptBuildPhase;
			buildActionMask = 2147483647;
			files = (
			);
			inputFileListPaths = (
				"${PODS_ROOT}/Target Support Files/Pods-GenericProjectForSwift/Pods-GenericProjectForSwift-resources-${CONFIGURATION}-input-files.xcfilelist",
			);
			name = "[CP] Copy Pods Resources";
			outputFileListPaths = (
				"${PODS_ROOT}/Target Support Files/Pods-GenericProjectForSwift/Pods-GenericProjectForSwift-resources-${CONFIGURATION}-output-files.xcfilelist",
			);
			runOnlyForDeploymentPostprocessing = 0;
			shellPath = /bin/sh;
			shellScript = "\"${PODS_ROOT}/Target Support Files/Pods-GenericProjectForSwift/Pods-GenericProjectForSwift-resources.sh\"\n";
			showEnvVarsInLog = 0;
		};
		FF2059A38B7D4500A9465C62 /* [CP] Embed Pods Frameworks */ = {
			isa = PBXShellScriptBuildPhase;
			buildActionMask = 2147483647;
			files = (
			);
			inputFileListPaths = (
				"${PODS_ROOT}/Target Support Files/Pods-GenericProjectForSwift/Pods-GenericProjectForSwift-frameworks-${CONFIGURATION}-input-files.xcfilelist",
			);
			name = "[CP] Embed Pods Frameworks";
			outputFileListPaths = (
				"${PODS_ROOT}/Target Support Files/Pods-GenericProjectForSwift/Pods-GenericProjectForSwift-frameworks-${CONFIGURATION}-output-files.xcfilelist",
			);
			runOnlyForDeploymentPostprocessing = 0;
			shellPath = /bin/sh;
			shellScript = "\"${PODS_ROOT}/Target Support Files/Pods-GenericProjectForSwift/Pods-GenericProjectForSwift-frameworks.sh\"\n";
			showEnvVarsInLog = 0;
		};
/* End PBXShellScriptBuildPhase section */

/* Begin PBXSourcesBuildPhase section */
		ADBC40402C058A1E00FBEDA6 /* Sources */ = {
			isa = PBXSourcesBuildPhase;
			buildActionMask = 2147483647;
			files = (
				AD8F82B02D3FD63000AD6171 /* LSBaseLabel.swift in Sources */,
				AD8F82B12D3FD63000AD6171 /* LSBaseTextField.swift in Sources */,
				ADBC40D02C05AEE000FBEDA6 /* LSAndroidForActionSheet.swift in Sources */,
				ADBC40CF2C05AEE000FBEDA6 /* LSDatePickerUtils.swift in Sources */,
				AD3F31EB2D6EAEA400E2B4B0 /* LSBaseModel.swift in Sources */,
				ADBC40E72C05AEE000FBEDA6 /* LSToast.swift in Sources */,
				ADBC40482C058A1E00FBEDA6 /* AppDelegate.swift in Sources */,
				ADBC40CD2C05AEE000FBEDA6 /* LSCropView.swift in Sources */,
				ADBC40C92C05AEE000FBEDA6 /* LSCropRectView.swift in Sources */,
				ADBC406A2C05A82800FBEDA6 /* ChildView.swift in Sources */,
				ADBC40CB2C05AEE000FBEDA6 /* LSResizeView.swift in Sources */,
				AD3F31F32D6EDF7500E2B4B0 /* OneModel.swift in Sources */,
				ADBC40C42C05AEE000FBEDA6 /* UIView+LSExtension.swift in Sources */,
				ADBC40E82C05AEE000FBEDA6 /* LSBaseViewController.swift in Sources */,
				AD8F82AC2D3FD54400AD6171 /* LSDeviceExtension.swift in Sources */,
				ADBC40DF2C05AEE000FBEDA6 /* LSClickableView.swift in Sources */,
				ADBC40DD2C05AEE000FBEDA6 /* LSButton.swift in Sources */,
				ADBC40D92C05AEE000FBEDA6 /* LSColorUtil.swift in Sources */,
				ADBC40BD2C05AEE000FBEDA6 /* FourViewController.swift in Sources */,
				ADF48B8F2D60C2760026C16C /* LSBaseCollectionViewCell.swift in Sources */,
				ADBC40D62C05AEE000FBEDA6 /* LSShareViewCollectionViewCell.swift in Sources */,
				AD3F31EF2D6EAEE100E2B4B0 /* ThreeModel.swift in Sources */,
				ADBC40652C05A7A000FBEDA6 /* AppConfig.swift in Sources */,
				ADBC40C52C05AEE000FBEDA6 /* String+StringSubstring.swift in Sources */,
				ADF48B912D60C2C10026C16C /* LSBaseTableViewCell.swift in Sources */,
				ADBC40C32C05AEE000FBEDA6 /* NSString+RegularExpression.swift in Sources */,
				AD8F82B52D3FD7A900AD6171 /* LSBaseCollectionViewController.swift in Sources */,
				ADBC40C72C05AEE000FBEDA6 /* LSPhotoSelect.swift in Sources */,
				ADD345772D64C08600696090 /* LSBaseMJRefreshFooterView.swift in Sources */,
				ADBC40DE2C05AEE000FBEDA6 /* LSDateTransformationManager.swift in Sources */,
				ADBC40D12C05AEE000FBEDA6 /* LSImagePickerManage.swift in Sources */,
				AD8F82AA2D3FD46500AD6171 /* AppIpConfig.swift in Sources */,
				ADBC40CE2C05AEE000FBEDA6 /* LSImageUtil.swift in Sources */,
				AD8F82B72D3FD7B600AD6171 /* LSBaseTableViewController.swift in Sources */,
				ADBC40E32C05AEE000FBEDA6 /* LSDeviceTool.swift in Sources */,
				ADBC40D42C05AEE000FBEDA6 /* LSShareView.swift in Sources */,
				ADBC40E52C05AEE000FBEDA6 /* LSTextView.swift in Sources */,
				ADBC40DC2C05AEE000FBEDA6 /* LSGuidePageManager.swift in Sources */,
				ADBC40B92C05AEE000FBEDA6 /* OneViewController.swift in Sources */,
				ADBC40BA2C05AEE000FBEDA6 /* LookPictureViewController.swift in Sources */,
				ADBC40D32C05AEE000FBEDA6 /* AppDelegateUMengShareTool.swift in Sources */,
				ADBC40E12C05AEE000FBEDA6 /* LSATTextView.swift in Sources */,
				ADBC40B82C05AEE000FBEDA6 /* PushViewController.swift in Sources */,
				ADBC40D52C05AEE000FBEDA6 /* LSShareTool.swift in Sources */,
				ADBC40D82C05AEE000FBEDA6 /* LSUploadOrDownload.swift in Sources */,
				ADBC40DB2C05AEE000FBEDA6 /* LSLocationPickerView.swift in Sources */,
				ADBC40E92C05AEE000FBEDA6 /* LSBaseTabBarView.swift in Sources */,
				ADBC40BC2C05AEE000FBEDA6 /* ThreeViewController.swift in Sources */,
				ADBC40D72C05AEE000FBEDA6 /* LSNetworkRequest.swift in Sources */,
				ADBC40BB2C05AEE000FBEDA6 /* LookPictureCollectionViewCell.swift in Sources */,
				ADBC40DA2C05AEE000FBEDA6 /* LSGradientHelper.swift in Sources */,
				ADD345792D64C23800696090 /* LSBaseMJRefreshHeaderView.swift in Sources */,
				ADBC40D22C05AEE000FBEDA6 /* LSAlertControllerUtil.swift in Sources */,
				ADBC40ED2C05AEE000FBEDA6 /* LSBaseNavigationViewController.swift in Sources */,
				ADBC40E22C05AEE000FBEDA6 /* LSATTextViewBinding.swift in Sources */,
				ADBC40C62C05AEE000FBEDA6 /* LSCornerRadiusHelper.swift in Sources */,
				ADBC40E42C05AEE000FBEDA6 /* LSCustomPickerView.swift in Sources */,
				ADBC40E62C05AEE000FBEDA6 /* LSAvatarBrowser.swift in Sources */,
				ADBC40682C05A81E00FBEDA6 /* LinkView.m in Sources */,
				ADBC40CC2C05AEE000FBEDA6 /* LSImageEditViewController.swift in Sources */,
				ADBC40EB2C05AEE000FBEDA6 /* LSBaseTabBarViewController.swift in Sources */,
				ADBC40EA2C05AEE000FBEDA6 /* UITabBar+LSBadge.swift in Sources */,
				ADBC40EC2C05AEE000FBEDA6 /* LSBaseNavigationView.swift in Sources */,
				ADBC40BE2C05AEE000FBEDA6 /* TwoViewController.swift in Sources */,
				ADBC40E02C05AEE000FBEDA6 /* LSClearCacheTool.swift in Sources */,
			);
			runOnlyForDeploymentPostprocessing = 0;
		};
/* End PBXSourcesBuildPhase section */

/* Begin PBXVariantGroup section */
		ADBC40522C058A2000FBEDA6 /* LaunchScreen.storyboard */ = {
			isa = PBXVariantGroup;
			children = (
				ADBC40532C058A2000FBEDA6 /* Base */,
			);
			name = LaunchScreen.storyboard;
			sourceTree = "<group>";
		};
/* End PBXVariantGroup section */

/* Begin XCBuildConfiguration section */
		ADBC40562C058A2000FBEDA6 /* Debug */ = {
			isa = XCBuildConfiguration;
			buildSettings = {
				ALWAYS_SEARCH_USER_PATHS = NO;
				ASSETCATALOG_COMPILER_GENERATE_SWIFT_ASSET_SYMBOL_EXTENSIONS = YES;
				CLANG_ANALYZER_NONNULL = YES;
				CLANG_ANALYZER_NUMBER_OBJECT_CONVERSION = YES_AGGRESSIVE;
				CLANG_CXX_LANGUAGE_STANDARD = "gnu++20";
				CLANG_ENABLE_MODULES = YES;
				CLANG_ENABLE_OBJC_ARC = YES;
				CLANG_ENABLE_OBJC_WEAK = YES;
				CLANG_WARN_BLOCK_CAPTURE_AUTORELEASING = YES;
				CLANG_WARN_BOOL_CONVERSION = YES;
				CLANG_WARN_COMMA = YES;
				CLANG_WARN_CONSTANT_CONVERSION = YES;
				CLANG_WARN_DEPRECATED_OBJC_IMPLEMENTATIONS = YES;
				CLANG_WARN_DIRECT_OBJC_ISA_USAGE = YES_ERROR;
				CLANG_WARN_DOCUMENTATION_COMMENTS = YES;
				CLANG_WARN_EMPTY_BODY = YES;
				CLANG_WARN_ENUM_CONVERSION = YES;
				CLANG_WARN_INFINITE_RECURSION = YES;
				CLANG_WARN_INT_CONVERSION = YES;
				CLANG_WARN_NON_LITERAL_NULL_CONVERSION = YES;
				CLANG_WARN_OBJC_IMPLICIT_RETAIN_SELF = YES;
				CLANG_WARN_OBJC_LITERAL_CONVERSION = YES;
				CLANG_WARN_OBJC_ROOT_CLASS = YES_ERROR;
				CLANG_WARN_QUOTED_INCLUDE_IN_FRAMEWORK_HEADER = YES;
				CLANG_WARN_RANGE_LOOP_ANALYSIS = YES;
				CLANG_WARN_STRICT_PROTOTYPES = YES;
				CLANG_WARN_SUSPICIOUS_MOVE = YES;
				CLANG_WARN_UNGUARDED_AVAILABILITY = YES_AGGRESSIVE;
				CLANG_WARN_UNREACHABLE_CODE = YES;
				CLANG_WARN__DUPLICATE_METHOD_MATCH = YES;
				COPY_PHASE_STRIP = NO;
				DEBUG_INFORMATION_FORMAT = dwarf;
				ENABLE_STRICT_OBJC_MSGSEND = YES;
				ENABLE_TESTABILITY = YES;
				ENABLE_USER_SCRIPT_SANDBOXING = YES;
				GCC_C_LANGUAGE_STANDARD = gnu17;
				GCC_DYNAMIC_NO_PIC = NO;
				GCC_NO_COMMON_BLOCKS = YES;
				GCC_OPTIMIZATION_LEVEL = 0;
				GCC_PREPROCESSOR_DEFINITIONS = (
					"DEBUG=1",
					"$(inherited)",
				);
				GCC_WARN_64_TO_32_BIT_CONVERSION = YES;
				GCC_WARN_ABOUT_RETURN_TYPE = YES_ERROR;
				GCC_WARN_UNDECLARED_SELECTOR = YES;
				GCC_WARN_UNINITIALIZED_AUTOS = YES_AGGRESSIVE;
				GCC_WARN_UNUSED_FUNCTION = YES;
				GCC_WARN_UNUSED_VARIABLE = YES;
				IPHONEOS_DEPLOYMENT_TARGET = 17.2;
				LOCALIZATION_PREFERS_STRING_CATALOGS = YES;
				MTL_ENABLE_DEBUG_INFO = INCLUDE_SOURCE;
				MTL_FAST_MATH = YES;
				ONLY_ACTIVE_ARCH = YES;
				SDKROOT = iphoneos;
				SWIFT_ACTIVE_COMPILATION_CONDITIONS = "DEBUG $(inherited)";
				SWIFT_OPTIMIZATION_LEVEL = "-Onone";
			};
			name = Debug;
		};
		ADBC40572C058A2000FBEDA6 /* Release */ = {
			isa = XCBuildConfiguration;
			buildSettings = {
				ALWAYS_SEARCH_USER_PATHS = NO;
				ASSETCATALOG_COMPILER_GENERATE_SWIFT_ASSET_SYMBOL_EXTENSIONS = YES;
				CLANG_ANALYZER_NONNULL = YES;
				CLANG_ANALYZER_NUMBER_OBJECT_CONVERSION = YES_AGGRESSIVE;
				CLANG_CXX_LANGUAGE_STANDARD = "gnu++20";
				CLANG_ENABLE_MODULES = YES;
				CLANG_ENABLE_OBJC_ARC = YES;
				CLANG_ENABLE_OBJC_WEAK = YES;
				CLANG_WARN_BLOCK_CAPTURE_AUTORELEASING = YES;
				CLANG_WARN_BOOL_CONVERSION = YES;
				CLANG_WARN_COMMA = YES;
				CLANG_WARN_CONSTANT_CONVERSION = YES;
				CLANG_WARN_DEPRECATED_OBJC_IMPLEMENTATIONS = YES;
				CLANG_WARN_DIRECT_OBJC_ISA_USAGE = YES_ERROR;
				CLANG_WARN_DOCUMENTATION_COMMENTS = YES;
				CLANG_WARN_EMPTY_BODY = YES;
				CLANG_WARN_ENUM_CONVERSION = YES;
				CLANG_WARN_INFINITE_RECURSION = YES;
				CLANG_WARN_INT_CONVERSION = YES;
				CLANG_WARN_NON_LITERAL_NULL_CONVERSION = YES;
				CLANG_WARN_OBJC_IMPLICIT_RETAIN_SELF = YES;
				CLANG_WARN_OBJC_LITERAL_CONVERSION = YES;
				CLANG_WARN_OBJC_ROOT_CLASS = YES_ERROR;
				CLANG_WARN_QUOTED_INCLUDE_IN_FRAMEWORK_HEADER = YES;
				CLANG_WARN_RANGE_LOOP_ANALYSIS = YES;
				CLANG_WARN_STRICT_PROTOTYPES = YES;
				CLANG_WARN_SUSPICIOUS_MOVE = YES;
				CLANG_WARN_UNGUARDED_AVAILABILITY = YES_AGGRESSIVE;
				CLANG_WARN_UNREACHABLE_CODE = YES;
				CLANG_WARN__DUPLICATE_METHOD_MATCH = YES;
				COPY_PHASE_STRIP = NO;
				DEBUG_INFORMATION_FORMAT = "dwarf-with-dsym";
				ENABLE_NS_ASSERTIONS = NO;
				ENABLE_STRICT_OBJC_MSGSEND = YES;
				ENABLE_USER_SCRIPT_SANDBOXING = YES;
				GCC_C_LANGUAGE_STANDARD = gnu17;
				GCC_NO_COMMON_BLOCKS = YES;
				GCC_WARN_64_TO_32_BIT_CONVERSION = YES;
				GCC_WARN_ABOUT_RETURN_TYPE = YES_ERROR;
				GCC_WARN_UNDECLARED_SELECTOR = YES;
				GCC_WARN_UNINITIALIZED_AUTOS = YES_AGGRESSIVE;
				GCC_WARN_UNUSED_FUNCTION = YES;
				GCC_WARN_UNUSED_VARIABLE = YES;
				IPHONEOS_DEPLOYMENT_TARGET = 17.2;
				LOCALIZATION_PREFERS_STRING_CATALOGS = YES;
				MTL_ENABLE_DEBUG_INFO = NO;
				MTL_FAST_MATH = YES;
				SDKROOT = iphoneos;
				SWIFT_COMPILATION_MODE = wholemodule;
				VALIDATE_PRODUCT = YES;
			};
			name = Release;
		};
		ADBC40592C058A2000FBEDA6 /* Debug */ = {
			isa = XCBuildConfiguration;
			baseConfigurationReference = 269BE03C9475BE054816AEDB /* Pods-GenericProjectForSwift.debug.xcconfig */;
			buildSettings = {
				ASSETCATALOG_COMPILER_APPICON_NAME = AppIcon;
				ASSETCATALOG_COMPILER_GLOBAL_ACCENT_COLOR_NAME = AccentColor;
				CLANG_ENABLE_MODULES = YES;
				CODE_SIGN_STYLE = Automatic;
				CURRENT_PROJECT_VERSION = 1;
				DEVELOPMENT_TEAM = MTRNYBT5SW;
				ENABLE_USER_SCRIPT_SANDBOXING = NO;
				GENERATE_INFOPLIST_FILE = YES;
				INFOPLIST_FILE = GenericProjectForSwift/Info.plist;
				INFOPLIST_KEY_UIApplicationSupportsIndirectInputEvents = YES;
				INFOPLIST_KEY_UILaunchStoryboardName = LaunchScreen;
				INFOPLIST_KEY_UISupportedInterfaceOrientations = UIInterfaceOrientationPortrait;
				IPHONEOS_DEPLOYMENT_TARGET = 12.0;
				LD_RUNPATH_SEARCH_PATHS = (
					"$(inherited)",
					"@executable_path/Frameworks",
				);
				MARKETING_VERSION = 1.0;
				PRODUCT_BUNDLE_IDENTIFIER = GenericProjectForSwift;
				PRODUCT_NAME = "$(TARGET_NAME)";
				SUPPORTED_PLATFORMS = "iphoneos iphonesimulator";
				SUPPORTS_MACCATALYST = NO;
				SUPPORTS_MAC_DESIGNED_FOR_IPHONE_IPAD = NO;
				SUPPORTS_XR_DESIGNED_FOR_IPHONE_IPAD = NO;
				SWIFT_EMIT_LOC_STRINGS = YES;
				SWIFT_OBJC_BRIDGING_HEADER = "GenericProjectForSwift/GenericProjectForSwift-Bridging-Header.h";
				SWIFT_OPTIMIZATION_LEVEL = "-Onone";
				SWIFT_VERSION = 5.0;
				TARGETED_DEVICE_FAMILY = 1;
			};
			name = Debug;
		};
		ADBC405A2C058A2000FBEDA6 /* Release */ = {
			isa = XCBuildConfiguration;
			baseConfigurationReference = E56181E6C09C31C388E0FDAE /* Pods-GenericProjectForSwift.release.xcconfig */;
			buildSettings = {
				ASSETCATALOG_COMPILER_APPICON_NAME = AppIcon;
				ASSETCATALOG_COMPILER_GLOBAL_ACCENT_COLOR_NAME = AccentColor;
				CLANG_ENABLE_MODULES = YES;
				CODE_SIGN_STYLE = Automatic;
				CURRENT_PROJECT_VERSION = 1;
				DEVELOPMENT_TEAM = MTRNYBT5SW;
				ENABLE_USER_SCRIPT_SANDBOXING = NO;
				GENERATE_INFOPLIST_FILE = YES;
				INFOPLIST_FILE = GenericProjectForSwift/Info.plist;
				INFOPLIST_KEY_UIApplicationSupportsIndirectInputEvents = YES;
				INFOPLIST_KEY_UILaunchStoryboardName = LaunchScreen;
				INFOPLIST_KEY_UISupportedInterfaceOrientations = UIInterfaceOrientationPortrait;
				IPHONEOS_DEPLOYMENT_TARGET = 12.0;
				LD_RUNPATH_SEARCH_PATHS = (
					"$(inherited)",
					"@executable_path/Frameworks",
				);
				MARKETING_VERSION = 1.0;
				PRODUCT_BUNDLE_IDENTIFIER = GenericProjectForSwift;
				PRODUCT_NAME = "$(TARGET_NAME)";
				SUPPORTED_PLATFORMS = "iphoneos iphonesimulator";
				SUPPORTS_MACCATALYST = NO;
				SUPPORTS_MAC_DESIGNED_FOR_IPHONE_IPAD = NO;
				SUPPORTS_XR_DESIGNED_FOR_IPHONE_IPAD = NO;
				SWIFT_EMIT_LOC_STRINGS = YES;
				SWIFT_OBJC_BRIDGING_HEADER = "GenericProjectForSwift/GenericProjectForSwift-Bridging-Header.h";
				SWIFT_VERSION = 5.0;
				TARGETED_DEVICE_FAMILY = 1;
			};
			name = Release;
		};
/* End XCBuildConfiguration section */

/* Begin XCConfigurationList section */
		ADBC403F2C058A1E00FBEDA6 /* Build configuration list for PBXProject "GenericProjectForSwift" */ = {
			isa = XCConfigurationList;
			buildConfigurations = (
				ADBC40562C058A2000FBEDA6 /* Debug */,
				ADBC40572C058A2000FBEDA6 /* Release */,
			);
			defaultConfigurationIsVisible = 0;
			defaultConfigurationName = Release;
		};
		ADBC40582C058A2000FBEDA6 /* Build configuration list for PBXNativeTarget "GenericProjectForSwift" */ = {
			isa = XCConfigurationList;
			buildConfigurations = (
				ADBC40592C058A2000FBEDA6 /* Debug */,
				ADBC405A2C058A2000FBEDA6 /* Release */,
			);
			defaultConfigurationIsVisible = 0;
			defaultConfigurationName = Release;
		};
/* End XCConfigurationList section */
	};
	rootObject = ADBC403C2C058A1E00FBEDA6 /* Project object */;
}
