PODS:
  - Alamofire (5.3.0)
  - AttributedString (1.6.8)
  - EmptyDataSet-Swift (5.0.0)
  - IDealist (0.0.9):
    - JXSegmentedView (= 0.0.4)
  - IQKeyboardManagerSwift (6.5.6)
  - JXSegmentedView (0.0.4)
  - MJRefresh (3.5.0)
  - ReachabilitySwift (5.0.0)
  - ReactiveSwift (6.5.0)
  - SnapKit (5.0.1)
  - SVProgressHUD (2.2.5)
  - SwiftyJSON (5.0.0)
  - YYKit (1.0.9):
    - YYKit/no-arc (= 1.0.9)
  - YYKit/no-arc (1.0.9)

DEPENDENCIES:
  - Alamofire
  - AttributedString
  - EmptyDataSet-Swift
  - IDealist
  - IQKeyboardManagerSwift
  - MJRefresh
  - ReachabilitySwift
  - ReactiveSwift
  - SnapKit
  - SVProgressHUD
  - SwiftyJSON
  - YYKit

SPEC REPOS:
  trunk:
    - Alamofire
    - AttributedString
    - EmptyDataSet-Swift
    - IDealist
    - IQKeyboardManagerSwift
    - JXSegmentedView
    - MJRefresh
    - ReachabilitySwift
    - ReactiveSwift
    - SnapKit
    - SVProgressHUD
    - SwiftyJSON
    - YYKit

SPEC CHECKSUMS:
  Alamofire: 2c792affbdc2f18016e08fdbcacd60aebe1ba593
  AttributedString: 20191014381c897ea03bd6733a21b8f6e98145d1
  EmptyDataSet-Swift: eb382c0c87a2d9c678077385a595cec52da38171
  IDealist: 5a5c7b38e644c2634a524185be5f3fbc25dd0ea5
  IQKeyboardManagerSwift: c7df9d2deb356c04522f5c4b7b6e4ce4d8ed94fe
  JXSegmentedView: 2b036fc37f26fbd369f79b8953c610efe19bd529
  MJRefresh: 6afc955813966afb08305477dd7a0d9ad5e79a16
  ReachabilitySwift: 985039c6f7b23a1da463388634119492ff86c825
  ReactiveSwift: 8d159904084e908856cde90b2e28823f3c7e485f
  SnapKit: 97b92857e3df3a0c71833cce143274bf6ef8e5eb
  SVProgressHUD: 1428aafac632c1f86f62aa4243ec12008d7a51d6
  SwiftyJSON: 36413e04c44ee145039d332b4f4e2d3e8d6c4db7
  YYKit: 7cda43304a8dc3696c449041e2cb3107b4e236e7

PODFILE CHECKSUM: 9e9b65ce1c21173477a90f0a9a8606ec9a930642

COCOAPODS: 1.10.0.beta.1
